PODS:
  - IQKeyboardManagerSwift (6.5.6)
  - Kingfisher (6.3.0)
  - lottie-ios (3.2.3)
  - R.swift (5.4.0):
    - R.swift.Library (~> 5.3.0)
  - R.swift.Library (5.3.0)
  - SwiftLint (0.43.1)

DEPENDENCIES:
  - IQKeyboardManagerSwift
  - Kingfisher
  - lottie-ios
  - R.swift
  - SwiftLint

SPEC REPOS:
  trunk:
    - IQKeyboardManagerSwift
    - Kingfisher
    - lottie-ios
    - R.swift
    - R.swift.Library
    - SwiftLint

SPEC CHECKSUMS:
  IQKeyboardManagerSwift: c7df9d2deb356c04522f5c4b7b6e4ce4d8ed94fe
  Kingfisher: 6c3df386db71d82c0817a429d2c9421a77396529
  lottie-ios: c058aeafa76daa4cf64d773554bccc8385d0150e
  R.swift: c533450b0f7dc494e0993f5f1a1db925d84c3006
  R.swift.Library: 0fc583cb55a99e28901299cc451614cad1161962
  SwiftLint: 99f82d07b837b942dd563c668de129a03fc3fb52

PODFILE CHECKSUM: efc86a70e87afa64364de329bd26778c3743c8ac

COCOAPODS: 1.10.1
